
Microsoft Visual Studio Solution File, Format Version 12.00
# Visual Studio 2013
VisualStudioVersion = 12.0.21005.1
MinimumVisualStudioVersion = 10.0.40219.1
Project("{FAE04EC0-301F-11D3-BF4B-00C04F79EFBC}") = "Common", "Common\Common.csproj", "{8EDD2050-80A7-47A5-9D5F-B5D5C0AC7A79}"
EndProject
Project("{FAE04EC0-301F-11D3-BF4B-00C04F79EFBC}") = "CommonTestsInternal", "CommonTests\CommonTestsInternal.csproj", "{48579FC2-D1A2-4010-B980-2C76368E39E4}"
EndProject
Project("{FAE04EC0-301F-11D3-BF4B-00C04F79EFBC}") = "CommonTestConsole", "CommonTestConsole\CommonTestConsole.csproj", "{F103E212-AE8C-43F7-B29D-ADF284DDC02E}"
EndProject
Project("{2150E333-8FDC-42A3-9474-1A3956D46DE8}") = "ProjectInfo", "ProjectInfo", "{4133AA72-BE53-4794-92C3-A235C72680C2}"
	ProjectSection(SolutionItems) = preProject
		Delete.png = Delete.png
		Find.png = Find.png
		Insert.png = Insert.png
		LICENSE = LICENSE
		README.md = README.md
	EndProjectSection
EndProject
Global
	GlobalSection(SolutionConfigurationPlatforms) = preSolution
		Debug|Any CPU = Debug|Any CPU
		Release|Any CPU = Release|Any CPU
	EndGlobalSection
	GlobalSection(ProjectConfigurationPlatforms) = postSolution
		{8EDD2050-80A7-47A5-9D5F-B5D5C0AC7A79}.Debug|Any CPU.ActiveCfg = Debug|Any CPU
		{8EDD2050-80A7-47A5-9D5F-B5D5C0AC7A79}.Debug|Any CPU.Build.0 = Debug|Any CPU
		{8EDD2050-80A7-47A5-9D5F-B5D5C0AC7A79}.Release|Any CPU.ActiveCfg = Release|Any CPU
		{8EDD2050-80A7-47A5-9D5F-B5D5C0AC7A79}.Release|Any CPU.Build.0 = Release|Any CPU
		{48579FC2-D1A2-4010-B980-2C76368E39E4}.Debug|Any CPU.ActiveCfg = Debug|Any CPU
		{48579FC2-D1A2-4010-B980-2C76368E39E4}.Debug|Any CPU.Build.0 = Debug|Any CPU
		{48579FC2-D1A2-4010-B980-2C76368E39E4}.Release|Any CPU.ActiveCfg = Release|Any CPU
		{48579FC2-D1A2-4010-B980-2C76368E39E4}.Release|Any CPU.Build.0 = Release|Any CPU
		{F103E212-AE8C-43F7-B29D-ADF284DDC02E}.Debug|Any CPU.ActiveCfg = Debug|Any CPU
		{F103E212-AE8C-43F7-B29D-ADF284DDC02E}.Debug|Any CPU.Build.0 = Debug|Any CPU
		{F103E212-AE8C-43F7-B29D-ADF284DDC02E}.Release|Any CPU.ActiveCfg = Release|Any CPU
		{F103E212-AE8C-43F7-B29D-ADF284DDC02E}.Release|Any CPU.Build.0 = Release|Any CPU
	EndGlobalSection
	GlobalSection(SolutionProperties) = preSolution
		HideSolutionNode = FALSE
	EndGlobalSection
	GlobalSection(Performance) = preSolution
		HasPerformanceSessions = true
	EndGlobalSection
EndGlobal
